// !$*UTF8*$!
{
	archiveVersion = 1;
	classes = {
	};
	objectVersion = 56;
	objects = {

/* Begin PBXBuildFile section */
		325E75DD2A0116F70078FD6C /* SplashScreenView.swift in Sources */ = {isa = PBXBuildFile; fileRef = 325E75DC2A0116F70078FD6C /* SplashScreenView.swift */; };
		325E75E62A023A590078FD6C /* VideoPlayerView.swift in Sources */ = {isa = PBXBuildFile; fileRef = 325E75E52A023A590078FD6C /* VideoPlayerView.swift */; };
		325E75ED2A0253FA0078FD6C /* OnboardpageView.swift in Sources */ = {isa = PBXBuildFile; fileRef = 325E75EC2A0253FA0078FD6C /* OnboardpageView.swift */; };
		325E75F22A025B070078FD6C /* TemanRuangLogo.png in Resources */ = {isa = PBXBuildFile; fileRef = 325E75F12A025B070078FD6C /* TemanRuangLogo.png */; };
		325E75F52A025B4F0078FD6C /* TemanRuangVideo.mp4 in Resources */ = {isa = PBXBuildFile; fileRef = 325E75F32A025B4F0078FD6C /* TemanRuangVideo.mp4 */; };
		325E75F62A025B4F0078FD6C /* TemanRuang.png in Resources */ = {isa = PBXBuildFile; fileRef = 325E75F42A025B4F0078FD6C /* TemanRuang.png */; };
		325E761B2A0394130078FD6C /* Bed.usdz in Resources */ = {isa = PBXBuildFile; fileRef = 325E75FA2A0394110078FD6C /* Bed.usdz */; };
		325E761C2A0394130078FD6C /* Messy_Bed.usdz in Resources */ = {isa = PBXBuildFile; fileRef = 325E75FB2A0394110078FD6C /* Messy_Bed.usdz */; };
		325E761D2A0394130078FD6C /* Bed-2.usdz in Resources */ = {isa = PBXBuildFile; fileRef = 325E75FC2A0394110078FD6C /* Bed-2.usdz */; };
		325E761E2A0394130078FD6C /* Bed-3.usdz in Resources */ = {isa = PBXBuildFile; fileRef = 325E75FD2A0394110078FD6C /* Bed-3.usdz */; };
		325E761F2A0394130078FD6C /* Curtain_a_prop.usdz in Resources */ = {isa = PBXBuildFile; fileRef = 325E75FF2A0394110078FD6C /* Curtain_a_prop.usdz */; };
		325E76202A0394130078FD6C /* Lace_Curtain.usdz in Resources */ = {isa = PBXBuildFile; fileRef = 325E76002A0394110078FD6C /* Lace_Curtain.usdz */; };
		325E76212A0394130078FD6C /* Fluttering_curtain.usdz in Resources */ = {isa = PBXBuildFile; fileRef = 325E76012A0394110078FD6C /* Fluttering_curtain.usdz */; };
		325E76222A0394130078FD6C /* Freya.usdz in Resources */ = {isa = PBXBuildFile; fileRef = 325E76022A0394110078FD6C /* Freya.usdz */; };
		325E76232A0394130078FD6C /* Table_Lamp_01.usdz in Resources */ = {isa = PBXBuildFile; fileRef = 325E76042A0394110078FD6C /* Table_Lamp_01.usdz */; };
		325E76242A0394130078FD6C /* IKEA_desk-lamp.usdz in Resources */ = {isa = PBXBuildFile; fileRef = 325E76052A0394110078FD6C /* IKEA_desk-lamp.usdz */; };
		325E76252A0394130078FD6C /* Table_Lamp.usdz in Resources */ = {isa = PBXBuildFile; fileRef = 325E76062A0394110078FD6C /* Table_Lamp.usdz */; };
		325E76262A0394130078FD6C /* office_lamp.usdz in Resources */ = {isa = PBXBuildFile; fileRef = 325E76072A0394110078FD6C /* office_lamp.usdz */; };
		325E76272A0394130078FD6C /* Flippa_Functional_Coffee_Table_w.usdz in Resources */ = {isa = PBXBuildFile; fileRef = 325E76092A0394110078FD6C /* Flippa_Functional_Coffee_Table_w.usdz */; };
		325E76282A0394130078FD6C /* Coffee_Table_Low_poly.usdz in Resources */ = {isa = PBXBuildFile; fileRef = 325E760A2A0394110078FD6C /* Coffee_Table_Low_poly.usdz */; };
		325E76292A0394130078FD6C /* Coffee_Table.usdz in Resources */ = {isa = PBXBuildFile; fileRef = 325E760B2A0394110078FD6C /* Coffee_Table.usdz */; };
		325E762A2A0394130078FD6C /* Vintage_Coffee_Table_70s_Freebie.usdz in Resources */ = {isa = PBXBuildFile; fileRef = 325E760C2A0394110078FD6C /* Vintage_Coffee_Table_70s_Freebie.usdz */; };
		325E762B2A0394130078FD6C /* Wardrobe.usdz in Resources */ = {isa = PBXBuildFile; fileRef = 325E760E2A0394120078FD6C /* Wardrobe.usdz */; };
		325E762C2A0394130078FD6C /* wardrobebro.usdz in Resources */ = {isa = PBXBuildFile; fileRef = 325E760F2A0394120078FD6C /* wardrobebro.usdz */; };
		325E762D2A0394130078FD6C /* Closet.usdz in Resources */ = {isa = PBXBuildFile; fileRef = 325E76102A0394120078FD6C /* Closet.usdz */; };
		325E762E2A0394130078FD6C /* Wardrobe (1).usdz in Resources */ = {isa = PBXBuildFile; fileRef = 325E76112A0394120078FD6C /* Wardrobe (1).usdz */; };
		325E762F2A0394130078FD6C /* dlX_-_Armchair_Commodum.usdz in Resources */ = {isa = PBXBuildFile; fileRef = 325E76132A0394130078FD6C /* dlX_-_Armchair_Commodum.usdz */; };
		325E76302A0394130078FD6C /* Armchair_Friday_1.usdz in Resources */ = {isa = PBXBuildFile; fileRef = 325E76142A0394130078FD6C /* Armchair_Friday_1.usdz */; };
		325E76312A0394130078FD6C /* 2-piece_Sectional_Sofa.usdz in Resources */ = {isa = PBXBuildFile; fileRef = 325E76162A0394130078FD6C /* 2-piece_Sectional_Sofa.usdz */; };
		325E76322A0394130078FD6C /* Sofá_Café.usdz in Resources */ = {isa = PBXBuildFile; fileRef = 325E76172A0394130078FD6C /* Sofá_Café.usdz */; };
		325E76332A0394130078FD6C /* Sofaset.usdz in Resources */ = {isa = PBXBuildFile; fileRef = 325E76182A0394130078FD6C /* Sofaset.usdz */; };
		325E76342A0394130078FD6C /* Old_Soviet_Chair.usdz in Resources */ = {isa = PBXBuildFile; fileRef = 325E76192A0394130078FD6C /* Old_Soviet_Chair.usdz */; };
		325E76352A0394130078FD6C /* Chair_Model_with_Leather_Material.usdz in Resources */ = {isa = PBXBuildFile; fileRef = 325E761A2A0394130078FD6C /* Chair_Model_with_Leather_Material.usdz */; };
		32DF85FA2A03BB8700395FFD /* OnboardBG_Portrait.png in Resources */ = {isa = PBXBuildFile; fileRef = 32DF85F82A03BB8700395FFD /* OnboardBG_Portrait.png */; };
		32DF85FB2A03BB8700395FFD /* OnboardBG_Landscape.png in Resources */ = {isa = PBXBuildFile; fileRef = 32DF85F92A03BB8700395FFD /* OnboardBG_Landscape.png */; };
		32DF85FD2A03BC8500395FFD /* OnboardBG_Iphone.png in Resources */ = {isa = PBXBuildFile; fileRef = 32DF85FC2A03BC8500395FFD /* OnboardBG_Iphone.png */; };
		43694FB529EC64F3007F1C20 /* MyApp.swift in Sources */ = {isa = PBXBuildFile; fileRef = 43694FB429EC64F3007F1C20 /* MyApp.swift */; };
		43694FB729EC64F3007F1C20 /* ContentView.swift in Sources */ = {isa = PBXBuildFile; fileRef = 43694FB629EC64F3007F1C20 /* ContentView.swift */; };
		43694FB929EC64F4007F1C20 /* Assets.xcassets in Resources */ = {isa = PBXBuildFile; fileRef = 43694FB829EC64F4007F1C20 /* Assets.xcassets */; };
		43694FBC29EC64F4007F1C20 /* Preview Assets.xcassets in Resources */ = {isa = PBXBuildFile; fileRef = 43694FBB29EC64F4007F1C20 /* Preview Assets.xcassets */; };
		4377120D2A00EEE4000D804B /* HomepageViewModel.swift in Sources */ = {isa = PBXBuildFile; fileRef = 4377120C2A00EEE4000D804B /* HomepageViewModel.swift */; };
		43EB153C2A00F20300C18489 /* HomepageView.swift in Sources */ = {isa = PBXBuildFile; fileRef = 43EB153B2A00F20300C18489 /* HomepageView.swift */; };
		43EB153F2A0100C400C18489 /* Color.swift in Sources */ = {isa = PBXBuildFile; fileRef = 43EB153E2A0100C400C18489 /* Color.swift */; };
		43EB15412A01044200C18489 /* RoomCard.swift in Sources */ = {isa = PBXBuildFile; fileRef = 43EB15402A01044200C18489 /* RoomCard.swift */; };
		43EB15432A01138800C18489 /* Constants.swift in Sources */ = {isa = PBXBuildFile; fileRef = 43EB15422A01138800C18489 /* Constants.swift */; };
		D616022929FFE49900C3DFB9 /* RoomView.swift in Sources */ = {isa = PBXBuildFile; fileRef = D616022829FFE49900C3DFB9 /* RoomView.swift */; };
		D616022C29FFF12900C3DFB9 /* CustomARView.swift in Sources */ = {isa = PBXBuildFile; fileRef = D616022B29FFF12900C3DFB9 /* CustomARView.swift */; };
		D61602322A00032B00C3DFB9 /* Indian_Furniture.usdz in Resources */ = {isa = PBXBuildFile; fileRef = D61602312A00032B00C3DFB9 /* Indian_Furniture.usdz */; };
		D61602352A000A1F00C3DFB9 /* RoomViewModel.swift in Sources */ = {isa = PBXBuildFile; fileRef = D61602342A000A1F00C3DFB9 /* RoomViewModel.swift */; };
		D61602372A000FFA00C3DFB9 /* Antique_Furniture.usdz in Resources */ = {isa = PBXBuildFile; fileRef = D61602362A000FFA00C3DFB9 /* Antique_Furniture.usdz */; };
		D616023A2A00108100C3DFB9 /* FocusNode in Frameworks */ = {isa = PBXBuildFile; productRef = D61602392A00108100C3DFB9 /* FocusNode */; };
		D616023D2A0010E600C3DFB9 /* FocusEntity in Frameworks */ = {isa = PBXBuildFile; productRef = D616023C2A0010E600C3DFB9 /* FocusEntity */; };
/* End PBXBuildFile section */

/* Begin PBXFileReference section */
		325E75DC2A0116F70078FD6C /* SplashScreenView.swift */ = {isa = PBXFileReference; lastKnownFileType = sourcecode.swift; path = SplashScreenView.swift; sourceTree = "<group>"; };
		325E75E52A023A590078FD6C /* VideoPlayerView.swift */ = {isa = PBXFileReference; lastKnownFileType = sourcecode.swift; path = VideoPlayerView.swift; sourceTree = "<group>"; };
		325E75EC2A0253FA0078FD6C /* OnboardpageView.swift */ = {isa = PBXFileReference; lastKnownFileType = sourcecode.swift; path = OnboardpageView.swift; sourceTree = "<group>"; };
		325E75F12A025B070078FD6C /* TemanRuangLogo.png */ = {isa = PBXFileReference; lastKnownFileType = image.png; path = TemanRuangLogo.png; sourceTree = "<group>"; };
		325E75F32A025B4F0078FD6C /* TemanRuangVideo.mp4 */ = {isa = PBXFileReference; lastKnownFileType = file; path = TemanRuangVideo.mp4; sourceTree = "<group>"; };
		325E75F42A025B4F0078FD6C /* TemanRuang.png */ = {isa = PBXFileReference; lastKnownFileType = image.png; path = TemanRuang.png; sourceTree = "<group>"; };
		325E75FA2A0394110078FD6C /* Bed.usdz */ = {isa = PBXFileReference; lastKnownFileType = file.usdz; path = Bed.usdz; sourceTree = "<group>"; };
		325E75FB2A0394110078FD6C /* Messy_Bed.usdz */ = {isa = PBXFileReference; lastKnownFileType = file.usdz; path = Messy_Bed.usdz; sourceTree = "<group>"; };
		325E75FC2A0394110078FD6C /* Bed-2.usdz */ = {isa = PBXFileReference; lastKnownFileType = file.usdz; path = "Bed-2.usdz"; sourceTree = "<group>"; };
		325E75FD2A0394110078FD6C /* Bed-3.usdz */ = {isa = PBXFileReference; lastKnownFileType = file.usdz; path = "Bed-3.usdz"; sourceTree = "<group>"; };
		325E75FF2A0394110078FD6C /* Curtain_a_prop.usdz */ = {isa = PBXFileReference; lastKnownFileType = file.usdz; path = Curtain_a_prop.usdz; sourceTree = "<group>"; };
		325E76002A0394110078FD6C /* Lace_Curtain.usdz */ = {isa = PBXFileReference; lastKnownFileType = file.usdz; path = Lace_Curtain.usdz; sourceTree = "<group>"; };
		325E76012A0394110078FD6C /* Fluttering_curtain.usdz */ = {isa = PBXFileReference; lastKnownFileType = file.usdz; path = Fluttering_curtain.usdz; sourceTree = "<group>"; };
		325E76022A0394110078FD6C /* Freya.usdz */ = {isa = PBXFileReference; lastKnownFileType = file.usdz; path = Freya.usdz; sourceTree = "<group>"; };
		325E76042A0394110078FD6C /* Table_Lamp_01.usdz */ = {isa = PBXFileReference; lastKnownFileType = file.usdz; path = Table_Lamp_01.usdz; sourceTree = "<group>"; };
		325E76052A0394110078FD6C /* IKEA_desk-lamp.usdz */ = {isa = PBXFileReference; lastKnownFileType = file.usdz; path = "IKEA_desk-lamp.usdz"; sourceTree = "<group>"; };
		325E76062A0394110078FD6C /* Table_Lamp.usdz */ = {isa = PBXFileReference; lastKnownFileType = file.usdz; path = Table_Lamp.usdz; sourceTree = "<group>"; };
		325E76072A0394110078FD6C /* office_lamp.usdz */ = {isa = PBXFileReference; lastKnownFileType = file.usdz; path = office_lamp.usdz; sourceTree = "<group>"; };
		325E76092A0394110078FD6C /* Flippa_Functional_Coffee_Table_w.usdz */ = {isa = PBXFileReference; lastKnownFileType = file.usdz; path = Flippa_Functional_Coffee_Table_w.usdz; sourceTree = "<group>"; };
		325E760A2A0394110078FD6C /* Coffee_Table_Low_poly.usdz */ = {isa = PBXFileReference; lastKnownFileType = file.usdz; path = Coffee_Table_Low_poly.usdz; sourceTree = "<group>"; };
		325E760B2A0394110078FD6C /* Coffee_Table.usdz */ = {isa = PBXFileReference; lastKnownFileType = file.usdz; path = Coffee_Table.usdz; sourceTree = "<group>"; };
		325E760C2A0394110078FD6C /* Vintage_Coffee_Table_70s_Freebie.usdz */ = {isa = PBXFileReference; lastKnownFileType = file.usdz; path = Vintage_Coffee_Table_70s_Freebie.usdz; sourceTree = "<group>"; };
		325E760E2A0394120078FD6C /* Wardrobe.usdz */ = {isa = PBXFileReference; lastKnownFileType = file.usdz; path = Wardrobe.usdz; sourceTree = "<group>"; };
		325E760F2A0394120078FD6C /* wardrobebro.usdz */ = {isa = PBXFileReference; lastKnownFileType = file.usdz; path = wardrobebro.usdz; sourceTree = "<group>"; };
		325E76102A0394120078FD6C /* Closet.usdz */ = {isa = PBXFileReference; lastKnownFileType = file.usdz; path = Closet.usdz; sourceTree = "<group>"; };
		325E76112A0394120078FD6C /* Wardrobe (1).usdz */ = {isa = PBXFileReference; lastKnownFileType = file.usdz; path = "Wardrobe (1).usdz"; sourceTree = "<group>"; };
		325E76132A0394130078FD6C /* dlX_-_Armchair_Commodum.usdz */ = {isa = PBXFileReference; lastKnownFileType = file.usdz; path = "dlX_-_Armchair_Commodum.usdz"; sourceTree = "<group>"; };
		325E76142A0394130078FD6C /* Armchair_Friday_1.usdz */ = {isa = PBXFileReference; lastKnownFileType = file.usdz; path = Armchair_Friday_1.usdz; sourceTree = "<group>"; };
		325E76162A0394130078FD6C /* 2-piece_Sectional_Sofa.usdz */ = {isa = PBXFileReference; lastKnownFileType = file.usdz; path = "2-piece_Sectional_Sofa.usdz"; sourceTree = "<group>"; };
		325E76172A0394130078FD6C /* Sofá_Café.usdz */ = {isa = PBXFileReference; lastKnownFileType = file.usdz; path = "Sofá_Café.usdz"; sourceTree = "<group>"; };
		325E76182A0394130078FD6C /* Sofaset.usdz */ = {isa = PBXFileReference; lastKnownFileType = file.usdz; path = Sofaset.usdz; sourceTree = "<group>"; };
		325E76192A0394130078FD6C /* Old_Soviet_Chair.usdz */ = {isa = PBXFileReference; lastKnownFileType = file.usdz; path = Old_Soviet_Chair.usdz; sourceTree = "<group>"; };
		325E761A2A0394130078FD6C /* Chair_Model_with_Leather_Material.usdz */ = {isa = PBXFileReference; lastKnownFileType = file.usdz; path = Chair_Model_with_Leather_Material.usdz; sourceTree = "<group>"; };
		32DF85F82A03BB8700395FFD /* OnboardBG_Portrait.png */ = {isa = PBXFileReference; lastKnownFileType = image.png; path = OnboardBG_Portrait.png; sourceTree = "<group>"; };
		32DF85F92A03BB8700395FFD /* OnboardBG_Landscape.png */ = {isa = PBXFileReference; lastKnownFileType = image.png; path = OnboardBG_Landscape.png; sourceTree = "<group>"; };
		32DF85FC2A03BC8500395FFD /* OnboardBG_Iphone.png */ = {isa = PBXFileReference; lastKnownFileType = image.png; path = OnboardBG_Iphone.png; sourceTree = "<group>"; };
		43694FB129EC64F3007F1C20 /* MC1-SpontanUhuy.app */ = {isa = PBXFileReference; explicitFileType = wrapper.application; includeInIndex = 0; path = "MC1-SpontanUhuy.app"; sourceTree = BUILT_PRODUCTS_DIR; };
		43694FB429EC64F3007F1C20 /* MyApp.swift */ = {isa = PBXFileReference; lastKnownFileType = sourcecode.swift; path = MyApp.swift; sourceTree = "<group>"; };
		43694FB629EC64F3007F1C20 /* ContentView.swift */ = {isa = PBXFileReference; lastKnownFileType = sourcecode.swift; path = ContentView.swift; sourceTree = "<group>"; };
		43694FB829EC64F4007F1C20 /* Assets.xcassets */ = {isa = PBXFileReference; lastKnownFileType = folder.assetcatalog; path = Assets.xcassets; sourceTree = "<group>"; };
		43694FBB29EC64F4007F1C20 /* Preview Assets.xcassets */ = {isa = PBXFileReference; lastKnownFileType = folder.assetcatalog; path = "Preview Assets.xcassets"; sourceTree = "<group>"; };
		4377120C2A00EEE4000D804B /* HomepageViewModel.swift */ = {isa = PBXFileReference; lastKnownFileType = sourcecode.swift; path = HomepageViewModel.swift; sourceTree = "<group>"; };
		43EB153B2A00F20300C18489 /* HomepageView.swift */ = {isa = PBXFileReference; fileEncoding = 4; lastKnownFileType = sourcecode.swift; path = HomepageView.swift; sourceTree = "<group>"; };
		43EB153E2A0100C400C18489 /* Color.swift */ = {isa = PBXFileReference; lastKnownFileType = sourcecode.swift; path = Color.swift; sourceTree = "<group>"; };
		43EB15402A01044200C18489 /* RoomCard.swift */ = {isa = PBXFileReference; lastKnownFileType = sourcecode.swift; path = RoomCard.swift; sourceTree = "<group>"; };
		43EB15422A01138800C18489 /* Constants.swift */ = {isa = PBXFileReference; lastKnownFileType = sourcecode.swift; path = Constants.swift; sourceTree = "<group>"; };
		D616022829FFE49900C3DFB9 /* RoomView.swift */ = {isa = PBXFileReference; lastKnownFileType = sourcecode.swift; path = RoomView.swift; sourceTree = "<group>"; };
		D616022B29FFF12900C3DFB9 /* CustomARView.swift */ = {isa = PBXFileReference; lastKnownFileType = sourcecode.swift; path = CustomARView.swift; sourceTree = "<group>"; };
		D616022D29FFFCEA00C3DFB9 /* Info.plist */ = {isa = PBXFileReference; lastKnownFileType = text.plist; path = Info.plist; sourceTree = "<group>"; };
		D61602312A00032B00C3DFB9 /* Indian_Furniture.usdz */ = {isa = PBXFileReference; lastKnownFileType = file.usdz; path = Indian_Furniture.usdz; sourceTree = "<group>"; };
		D61602342A000A1F00C3DFB9 /* RoomViewModel.swift */ = {isa = PBXFileReference; lastKnownFileType = sourcecode.swift; path = RoomViewModel.swift; sourceTree = "<group>"; };
		D61602362A000FFA00C3DFB9 /* Antique_Furniture.usdz */ = {isa = PBXFileReference; lastKnownFileType = file.usdz; path = Antique_Furniture.usdz; sourceTree = "<group>"; };
/* End PBXFileReference section */

/* Begin PBXFrameworksBuildPhase section */
		43694FAE29EC64F3007F1C20 /* Frameworks */ = {
			isa = PBXFrameworksBuildPhase;
			buildActionMask = 2147483647;
			files = (
				D616023D2A0010E600C3DFB9 /* FocusEntity in Frameworks */,
				D616023A2A00108100C3DFB9 /* FocusNode in Frameworks */,
			);
			runOnlyForDeploymentPostprocessing = 0;
		};
/* End PBXFrameworksBuildPhase section */

/* Begin PBXGroup section */
		325E75D92A00F22B0078FD6C /* SplashScreen */ = {
			isa = PBXGroup;
			children = (
				325E75F42A025B4F0078FD6C /* TemanRuang.png */,
				325E75F32A025B4F0078FD6C /* TemanRuangVideo.mp4 */,
			);
			path = SplashScreen;
			sourceTree = "<group>";
		};
		325E75E42A023A3B0078FD6C /* SplashScreenView */ = {
			isa = PBXGroup;
			children = (
				325E75DC2A0116F70078FD6C /* SplashScreenView.swift */,
				325E75E52A023A590078FD6C /* VideoPlayerView.swift */,
			);
			path = SplashScreenView;
			sourceTree = "<group>";
		};
		325E75EB2A0253760078FD6C /* OnboardpageView */ = {
			isa = PBXGroup;
			children = (
				325E75EC2A0253FA0078FD6C /* OnboardpageView.swift */,
			);
			path = OnboardpageView;
			sourceTree = "<group>";
		};
		325E75EE2A0254430078FD6C /* Onboard */ = {
			isa = PBXGroup;
			children = (
				32DF85FC2A03BC8500395FFD /* OnboardBG_Iphone.png */,
				32DF85F92A03BB8700395FFD /* OnboardBG_Landscape.png */,
				32DF85F82A03BB8700395FFD /* OnboardBG_Portrait.png */,
			);
			path = Onboard;
			sourceTree = "<group>";
		};
		325E75F72A025B550078FD6C /* Logo */ = {
			isa = PBXGroup;
			children = (
				325E75F12A025B070078FD6C /* TemanRuangLogo.png */,
			);
			path = Logo;
			sourceTree = "<group>";
		};
		325E75F82A03936C0078FD6C /* Model3D */ = {
			isa = PBXGroup;
			children = (
				325E75F92A0394110078FD6C /* Bed (4) */,
				325E76122A0394130078FD6C /* Chair (4) */,
				325E75FE2A0394110078FD6C /* Curtain (4) */,
				325E76032A0394110078FD6C /* Lamp (4) */,
				325E76082A0394110078FD6C /* Table (4) */,
				325E760D2A0394120078FD6C /* Wardrobe (4) */,
			);
			path = Model3D;
			sourceTree = "<group>";
		};
		325E75F92A0394110078FD6C /* Bed (4) */ = {
			isa = PBXGroup;
			children = (
				325E75FA2A0394110078FD6C /* Bed.usdz */,
				325E75FB2A0394110078FD6C /* Messy_Bed.usdz */,
				325E75FC2A0394110078FD6C /* Bed-2.usdz */,
				325E75FD2A0394110078FD6C /* Bed-3.usdz */,
			);
			path = "Bed (4)";
			sourceTree = "<group>";
		};
		325E75FE2A0394110078FD6C /* Curtain (4) */ = {
			isa = PBXGroup;
			children = (
				325E75FF2A0394110078FD6C /* Curtain_a_prop.usdz */,
				325E76002A0394110078FD6C /* Lace_Curtain.usdz */,
				325E76012A0394110078FD6C /* Fluttering_curtain.usdz */,
				325E76022A0394110078FD6C /* Freya.usdz */,
			);
			path = "Curtain (4)";
			sourceTree = "<group>";
		};
		325E76032A0394110078FD6C /* Lamp (4) */ = {
			isa = PBXGroup;
			children = (
				325E76042A0394110078FD6C /* Table_Lamp_01.usdz */,
				325E76052A0394110078FD6C /* IKEA_desk-lamp.usdz */,
				325E76062A0394110078FD6C /* Table_Lamp.usdz */,
				325E76072A0394110078FD6C /* office_lamp.usdz */,
			);
			path = "Lamp (4)";
			sourceTree = "<group>";
		};
		325E76082A0394110078FD6C /* Table (4) */ = {
			isa = PBXGroup;
			children = (
				325E76092A0394110078FD6C /* Flippa_Functional_Coffee_Table_w.usdz */,
				325E760A2A0394110078FD6C /* Coffee_Table_Low_poly.usdz */,
				325E760B2A0394110078FD6C /* Coffee_Table.usdz */,
				325E760C2A0394110078FD6C /* Vintage_Coffee_Table_70s_Freebie.usdz */,
			);
			path = "Table (4)";
			sourceTree = "<group>";
		};
		325E760D2A0394120078FD6C /* Wardrobe (4) */ = {
			isa = PBXGroup;
			children = (
				325E760E2A0394120078FD6C /* Wardrobe.usdz */,
				325E760F2A0394120078FD6C /* wardrobebro.usdz */,
				325E76102A0394120078FD6C /* Closet.usdz */,
				325E76112A0394120078FD6C /* Wardrobe (1).usdz */,
			);
			path = "Wardrobe (4)";
			sourceTree = "<group>";
		};
		325E76122A0394130078FD6C /* Chair (4) */ = {
			isa = PBXGroup;
			children = (
				325E76132A0394130078FD6C /* dlX_-_Armchair_Commodum.usdz */,
				325E76142A0394130078FD6C /* Armchair_Friday_1.usdz */,
				325E76152A0394130078FD6C /* Sofa */,
				325E76192A0394130078FD6C /* Old_Soviet_Chair.usdz */,
				325E761A2A0394130078FD6C /* Chair_Model_with_Leather_Material.usdz */,
			);
			path = "Chair (4)";
			sourceTree = "<group>";
		};
		325E76152A0394130078FD6C /* Sofa */ = {
			isa = PBXGroup;
			children = (
				325E76162A0394130078FD6C /* 2-piece_Sectional_Sofa.usdz */,
				325E76172A0394130078FD6C /* Sofá_Café.usdz */,
				325E76182A0394130078FD6C /* Sofaset.usdz */,
			);
			path = Sofa;
			sourceTree = "<group>";
		};
		43694FA829EC64F3007F1C20 = {
			isa = PBXGroup;
			children = (
				43694FB329EC64F3007F1C20 /* MC1-SpontanUhuy */,
				43694FB229EC64F3007F1C20 /* Products */,
			);
			sourceTree = "<group>";
		};
		43694FB229EC64F3007F1C20 /* Products */ = {
			isa = PBXGroup;
			children = (
				43694FB129EC64F3007F1C20 /* MC1-SpontanUhuy.app */,
			);
			name = Products;
			sourceTree = "<group>";
		};
		43694FB329EC64F3007F1C20 /* MC1-SpontanUhuy */ = {
			isa = PBXGroup;
			children = (
				D61602302A00031500C3DFB9 /* Core */,
				D616022A29FFF0AD00C3DFB9 /* Components */,
				D687D19529F53AFA00B38E30 /* Views */,
				D61602332A000A0A00C3DFB9 /* ViewModels */,
				43694FB829EC64F4007F1C20 /* Assets.xcassets */,
				D616022D29FFFCEA00C3DFB9 /* Info.plist */,
				43694FBA29EC64F4007F1C20 /* Preview Content */,
				D616022F2A00030B00C3DFB9 /* Resources */,
			);
			path = "MC1-SpontanUhuy";
			sourceTree = "<group>";
		};
		43694FBA29EC64F4007F1C20 /* Preview Content */ = {
			isa = PBXGroup;
			children = (
				43694FBB29EC64F4007F1C20 /* Preview Assets.xcassets */,
			);
			path = "Preview Content";
			sourceTree = "<group>";
		};
		43EB153D2A01009B00C18489 /* Extensions */ = {
			isa = PBXGroup;
			children = (
				43EB153E2A0100C400C18489 /* Color.swift */,
			);
			path = Extensions;
			sourceTree = "<group>";
		};
		D616022A29FFF0AD00C3DFB9 /* Components */ = {
			isa = PBXGroup;
			children = (
				D616022B29FFF12900C3DFB9 /* CustomARView.swift */,
				43EB15402A01044200C18489 /* RoomCard.swift */,
			);
			path = Components;
			sourceTree = "<group>";
		};
		D616022F2A00030B00C3DFB9 /* Resources */ = {
			isa = PBXGroup;
			children = (
				325E75F82A03936C0078FD6C /* Model3D */,
				325E75F72A025B550078FD6C /* Logo */,
				325E75EE2A0254430078FD6C /* Onboard */,
				325E75D92A00F22B0078FD6C /* SplashScreen */,
				D61602362A000FFA00C3DFB9 /* Antique_Furniture.usdz */,
				D61602312A00032B00C3DFB9 /* Indian_Furniture.usdz */,
			);
			path = Resources;
			sourceTree = "<group>";
		};
		D61602302A00031500C3DFB9 /* Core */ = {
			isa = PBXGroup;
			children = (
				43EB153D2A01009B00C18489 /* Extensions */,
				43694FB429EC64F3007F1C20 /* MyApp.swift */,
				43EB15422A01138800C18489 /* Constants.swift */,
			);
			path = Core;
			sourceTree = "<group>";
		};
		D61602332A000A0A00C3DFB9 /* ViewModels */ = {
			isa = PBXGroup;
			children = (
				D61602342A000A1F00C3DFB9 /* RoomViewModel.swift */,
				4377120C2A00EEE4000D804B /* HomepageViewModel.swift */,
			);
			path = ViewModels;
			sourceTree = "<group>";
		};
		D687D19529F53AFA00B38E30 /* Views */ = {
			isa = PBXGroup;
			children = (
				325E75EB2A0253760078FD6C /* OnboardpageView */,
				325E75E42A023A3B0078FD6C /* SplashScreenView */,
				43EB153B2A00F20300C18489 /* HomepageView.swift */,
				43694FB629EC64F3007F1C20 /* ContentView.swift */,
				D616022829FFE49900C3DFB9 /* RoomView.swift */,
			);
			path = Views;
			sourceTree = "<group>";
		};
/* End PBXGroup section */

/* Begin PBXNativeTarget section */
		43694FB029EC64F3007F1C20 /* MC1-SpontanUhuy */ = {
			isa = PBXNativeTarget;
			buildConfigurationList = 43694FBF29EC64F4007F1C20 /* Build configuration list for PBXNativeTarget "MC1-SpontanUhuy" */;
			buildPhases = (
				43694FAD29EC64F3007F1C20 /* Sources */,
				43694FAE29EC64F3007F1C20 /* Frameworks */,
				43694FAF29EC64F3007F1C20 /* Resources */,
			);
			buildRules = (
			);
			dependencies = (
			);
			name = "MC1-SpontanUhuy";
			packageProductDependencies = (
				D61602392A00108100C3DFB9 /* FocusNode */,
				D616023C2A0010E600C3DFB9 /* FocusEntity */,
			);
			productName = "MC1-SpontanUhuy";
			productReference = 43694FB129EC64F3007F1C20 /* MC1-SpontanUhuy.app */;
			productType = "com.apple.product-type.application";
		};
/* End PBXNativeTarget section */

/* Begin PBXProject section */
		43694FA929EC64F3007F1C20 /* Project object */ = {
			isa = PBXProject;
			attributes = {
				BuildIndependentTargetsInParallel = 1;
				LastSwiftUpdateCheck = 1430;
				LastUpgradeCheck = 1430;
				TargetAttributes = {
					43694FB029EC64F3007F1C20 = {
						CreatedOnToolsVersion = 14.3;
					};
				};
			};
			buildConfigurationList = 43694FAC29EC64F3007F1C20 /* Build configuration list for PBXProject "MC1-SpontanUhuy" */;
			compatibilityVersion = "Xcode 14.0";
			developmentRegion = en;
			hasScannedForEncodings = 0;
			knownRegions = (
				en,
				Base,
			);
			mainGroup = 43694FA829EC64F3007F1C20;
			packageReferences = (
				D61602382A00108100C3DFB9 /* XCRemoteSwiftPackageReference "ARKit-FocusNode" */,
				D616023B2A0010E600C3DFB9 /* XCRemoteSwiftPackageReference "FocusEntity" */,
			);
			productRefGroup = 43694FB229EC64F3007F1C20 /* Products */;
			projectDirPath = "";
			projectRoot = "";
			targets = (
				43694FB029EC64F3007F1C20 /* MC1-SpontanUhuy */,
			);
		};
/* End PBXProject section */

/* Begin PBXResourcesBuildPhase section */
		43694FAF29EC64F3007F1C20 /* Resources */ = {
			isa = PBXResourcesBuildPhase;
			buildActionMask = 2147483647;
			files = (
				325E761B2A0394130078FD6C /* Bed.usdz in Resources */,
				325E761F2A0394130078FD6C /* Curtain_a_prop.usdz in Resources */,
				325E761E2A0394130078FD6C /* Bed-3.usdz in Resources */,
				325E76202A0394130078FD6C /* Lace_Curtain.usdz in Resources */,
				325E75F22A025B070078FD6C /* TemanRuangLogo.png in Resources */,
				325E76252A0394130078FD6C /* Table_Lamp.usdz in Resources */,
				32DF85FA2A03BB8700395FFD /* OnboardBG_Portrait.png in Resources */,
				325E76222A0394130078FD6C /* Freya.usdz in Resources */,
				325E762A2A0394130078FD6C /* Vintage_Coffee_Table_70s_Freebie.usdz in Resources */,
				325E76282A0394130078FD6C /* Coffee_Table_Low_poly.usdz in Resources */,
				325E761D2A0394130078FD6C /* Bed-2.usdz in Resources */,
				D61602372A000FFA00C3DFB9 /* Antique_Furniture.usdz in Resources */,
				325E75F52A025B4F0078FD6C /* TemanRuangVideo.mp4 in Resources */,
				325E75F62A025B4F0078FD6C /* TemanRuang.png in Resources */,
				325E76242A0394130078FD6C /* IKEA_desk-lamp.usdz in Resources */,
				325E761C2A0394130078FD6C /* Messy_Bed.usdz in Resources */,
				325E762C2A0394130078FD6C /* wardrobebro.usdz in Resources */,
				325E76262A0394130078FD6C /* office_lamp.usdz in Resources */,
				32DF85FB2A03BB8700395FFD /* OnboardBG_Landscape.png in Resources */,
				325E76212A0394130078FD6C /* Fluttering_curtain.usdz in Resources */,
				325E762B2A0394130078FD6C /* Wardrobe.usdz in Resources */,
				43694FBC29EC64F4007F1C20 /* Preview Assets.xcassets in Resources */,
				D61602322A00032B00C3DFB9 /* Indian_Furniture.usdz in Resources */,
				43694FB929EC64F4007F1C20 /* Assets.xcassets in Resources */,
				325E762D2A0394130078FD6C /* Closet.usdz in Resources */,
				32DF85FD2A03BC8500395FFD /* OnboardBG_Iphone.png in Resources */,
				325E76332A0394130078FD6C /* Sofaset.usdz in Resources */,
				325E76312A0394130078FD6C /* 2-piece_Sectional_Sofa.usdz in Resources */,
				325E76292A0394130078FD6C /* Coffee_Table.usdz in Resources */,
				325E76342A0394130078FD6C /* Old_Soviet_Chair.usdz in Resources */,
				325E762E2A0394130078FD6C /* Wardrobe (1).usdz in Resources */,
				325E76232A0394130078FD6C /* Table_Lamp_01.usdz in Resources */,
				325E76272A0394130078FD6C /* Flippa_Functional_Coffee_Table_w.usdz in Resources */,
				325E76322A0394130078FD6C /* Sofá_Café.usdz in Resources */,
				325E76352A0394130078FD6C /* Chair_Model_with_Leather_Material.usdz in Resources */,
				325E762F2A0394130078FD6C /* dlX_-_Armchair_Commodum.usdz in Resources */,
				325E76302A0394130078FD6C /* Armchair_Friday_1.usdz in Resources */,
			);
			runOnlyForDeploymentPostprocessing = 0;
		};
/* End PBXResourcesBuildPhase section */

/* Begin PBXSourcesBuildPhase section */
		43694FAD29EC64F3007F1C20 /* Sources */ = {
			isa = PBXSourcesBuildPhase;
			buildActionMask = 2147483647;
			files = (
				D616022C29FFF12900C3DFB9 /* CustomARView.swift in Sources */,
				43EB15432A01138800C18489 /* Constants.swift in Sources */,
				D61602352A000A1F00C3DFB9 /* RoomViewModel.swift in Sources */,
				325E75DD2A0116F70078FD6C /* SplashScreenView.swift in Sources */,
				43694FB729EC64F3007F1C20 /* ContentView.swift in Sources */,
				325E75ED2A0253FA0078FD6C /* OnboardpageView.swift in Sources */,
				D616022929FFE49900C3DFB9 /* RoomView.swift in Sources */,
				325E75E62A023A590078FD6C /* VideoPlayerView.swift in Sources */,
				43694FB529EC64F3007F1C20 /* MyApp.swift in Sources */,
				43EB15412A01044200C18489 /* RoomCard.swift in Sources */,
				4377120D2A00EEE4000D804B /* HomepageViewModel.swift in Sources */,
				43694FB529EC64F3007F1C20 /* MyApp.swift in Sources */,
				43EB153C2A00F20300C18489 /* HomepageView.swift in Sources */,
				43EB153F2A0100C400C18489 /* Color.swift in Sources */,
			);
			runOnlyForDeploymentPostprocessing = 0;
		};
/* End PBXSourcesBuildPhase section */

/* Begin XCBuildConfiguration section */
		43694FBD29EC64F4007F1C20 /* Debug */ = {
			isa = XCBuildConfiguration;
			buildSettings = {
				ALWAYS_SEARCH_USER_PATHS = NO;
				CLANG_ANALYZER_NONNULL = YES;
				CLANG_ANALYZER_NUMBER_OBJECT_CONVERSION = YES_AGGRESSIVE;
				CLANG_CXX_LANGUAGE_STANDARD = "gnu++20";
				CLANG_ENABLE_MODULES = YES;
				CLANG_ENABLE_OBJC_ARC = YES;
				CLANG_ENABLE_OBJC_WEAK = YES;
				CLANG_WARN_BLOCK_CAPTURE_AUTORELEASING = YES;
				CLANG_WARN_BOOL_CONVERSION = YES;
				CLANG_WARN_COMMA = YES;
				CLANG_WARN_CONSTANT_CONVERSION = YES;
				CLANG_WARN_DEPRECATED_OBJC_IMPLEMENTATIONS = YES;
				CLANG_WARN_DIRECT_OBJC_ISA_USAGE = YES_ERROR;
				CLANG_WARN_DOCUMENTATION_COMMENTS = YES;
				CLANG_WARN_EMPTY_BODY = YES;
				CLANG_WARN_ENUM_CONVERSION = YES;
				CLANG_WARN_INFINITE_RECURSION = YES;
				CLANG_WARN_INT_CONVERSION = YES;
				CLANG_WARN_NON_LITERAL_NULL_CONVERSION = YES;
				CLANG_WARN_OBJC_IMPLICIT_RETAIN_SELF = YES;
				CLANG_WARN_OBJC_LITERAL_CONVERSION = YES;
				CLANG_WARN_OBJC_ROOT_CLASS = YES_ERROR;
				CLANG_WARN_QUOTED_INCLUDE_IN_FRAMEWORK_HEADER = YES;
				CLANG_WARN_RANGE_LOOP_ANALYSIS = YES;
				CLANG_WARN_STRICT_PROTOTYPES = YES;
				CLANG_WARN_SUSPICIOUS_MOVE = YES;
				CLANG_WARN_UNGUARDED_AVAILABILITY = YES_AGGRESSIVE;
				CLANG_WARN_UNREACHABLE_CODE = YES;
				CLANG_WARN__DUPLICATE_METHOD_MATCH = YES;
				COPY_PHASE_STRIP = NO;
				DEBUG_INFORMATION_FORMAT = dwarf;
				ENABLE_STRICT_OBJC_MSGSEND = YES;
				ENABLE_TESTABILITY = YES;
				GCC_C_LANGUAGE_STANDARD = gnu11;
				GCC_DYNAMIC_NO_PIC = NO;
				GCC_NO_COMMON_BLOCKS = YES;
				GCC_OPTIMIZATION_LEVEL = 0;
				GCC_PREPROCESSOR_DEFINITIONS = (
					"DEBUG=1",
					"$(inherited)",
				);
				GCC_WARN_64_TO_32_BIT_CONVERSION = YES;
				GCC_WARN_ABOUT_RETURN_TYPE = YES_ERROR;
				GCC_WARN_UNDECLARED_SELECTOR = YES;
				GCC_WARN_UNINITIALIZED_AUTOS = YES_AGGRESSIVE;
				GCC_WARN_UNUSED_FUNCTION = YES;
				GCC_WARN_UNUSED_VARIABLE = YES;
				IPHONEOS_DEPLOYMENT_TARGET = 16.4;
				MTL_ENABLE_DEBUG_INFO = INCLUDE_SOURCE;
				MTL_FAST_MATH = YES;
				ONLY_ACTIVE_ARCH = YES;
				SDKROOT = iphoneos;
				SWIFT_ACTIVE_COMPILATION_CONDITIONS = DEBUG;
				SWIFT_OPTIMIZATION_LEVEL = "-Onone";
			};
			name = Debug;
		};
		43694FBE29EC64F4007F1C20 /* Release */ = {
			isa = XCBuildConfiguration;
			buildSettings = {
				ALWAYS_SEARCH_USER_PATHS = NO;
				CLANG_ANALYZER_NONNULL = YES;
				CLANG_ANALYZER_NUMBER_OBJECT_CONVERSION = YES_AGGRESSIVE;
				CLANG_CXX_LANGUAGE_STANDARD = "gnu++20";
				CLANG_ENABLE_MODULES = YES;
				CLANG_ENABLE_OBJC_ARC = YES;
				CLANG_ENABLE_OBJC_WEAK = YES;
				CLANG_WARN_BLOCK_CAPTURE_AUTORELEASING = YES;
				CLANG_WARN_BOOL_CONVERSION = YES;
				CLANG_WARN_COMMA = YES;
				CLANG_WARN_CONSTANT_CONVERSION = YES;
				CLANG_WARN_DEPRECATED_OBJC_IMPLEMENTATIONS = YES;
				CLANG_WARN_DIRECT_OBJC_ISA_USAGE = YES_ERROR;
				CLANG_WARN_DOCUMENTATION_COMMENTS = YES;
				CLANG_WARN_EMPTY_BODY = YES;
				CLANG_WARN_ENUM_CONVERSION = YES;
				CLANG_WARN_INFINITE_RECURSION = YES;
				CLANG_WARN_INT_CONVERSION = YES;
				CLANG_WARN_NON_LITERAL_NULL_CONVERSION = YES;
				CLANG_WARN_OBJC_IMPLICIT_RETAIN_SELF = YES;
				CLANG_WARN_OBJC_LITERAL_CONVERSION = YES;
				CLANG_WARN_OBJC_ROOT_CLASS = YES_ERROR;
				CLANG_WARN_QUOTED_INCLUDE_IN_FRAMEWORK_HEADER = YES;
				CLANG_WARN_RANGE_LOOP_ANALYSIS = YES;
				CLANG_WARN_STRICT_PROTOTYPES = YES;
				CLANG_WARN_SUSPICIOUS_MOVE = YES;
				CLANG_WARN_UNGUARDED_AVAILABILITY = YES_AGGRESSIVE;
				CLANG_WARN_UNREACHABLE_CODE = YES;
				CLANG_WARN__DUPLICATE_METHOD_MATCH = YES;
				COPY_PHASE_STRIP = NO;
				DEBUG_INFORMATION_FORMAT = "dwarf-with-dsym";
				ENABLE_NS_ASSERTIONS = NO;
				ENABLE_STRICT_OBJC_MSGSEND = YES;
				GCC_C_LANGUAGE_STANDARD = gnu11;
				GCC_NO_COMMON_BLOCKS = YES;
				GCC_WARN_64_TO_32_BIT_CONVERSION = YES;
				GCC_WARN_ABOUT_RETURN_TYPE = YES_ERROR;
				GCC_WARN_UNDECLARED_SELECTOR = YES;
				GCC_WARN_UNINITIALIZED_AUTOS = YES_AGGRESSIVE;
				GCC_WARN_UNUSED_FUNCTION = YES;
				GCC_WARN_UNUSED_VARIABLE = YES;
				IPHONEOS_DEPLOYMENT_TARGET = 16.4;
				MTL_ENABLE_DEBUG_INFO = NO;
				MTL_FAST_MATH = YES;
				SDKROOT = iphoneos;
				SWIFT_COMPILATION_MODE = wholemodule;
				SWIFT_OPTIMIZATION_LEVEL = "-O";
				VALIDATE_PRODUCT = YES;
			};
			name = Release;
		};
		43694FC029EC64F4007F1C20 /* Debug */ = {
			isa = XCBuildConfiguration;
			buildSettings = {
				ASSETCATALOG_COMPILER_APPICON_NAME = AppIcon;
				ASSETCATALOG_COMPILER_GLOBAL_ACCENT_COLOR_NAME = AccentColor;
				CODE_SIGN_STYLE = Automatic;
				CURRENT_PROJECT_VERSION = 1;
				DEVELOPMENT_ASSET_PATHS = "\"MC1-SpontanUhuy/Preview Content\"";
				DEVELOPMENT_TEAM = WMK9L7H7UT;
				ENABLE_PREVIEWS = YES;
				GENERATE_INFOPLIST_FILE = YES;
				INFOPLIST_FILE = "MC1-SpontanUhuy/Info.plist";
				INFOPLIST_KEY_CFBundleDisplayName = TemanRuang;
				INFOPLIST_KEY_LSApplicationCategoryType = "public.app-category.productivity";
				INFOPLIST_KEY_NSCameraUsageDescription = "This app used camera";
				INFOPLIST_KEY_UIApplicationSceneManifest_Generation = YES;
				INFOPLIST_KEY_UIApplicationSupportsIndirectInputEvents = YES;
				INFOPLIST_KEY_UILaunchScreen_Generation = YES;
				INFOPLIST_KEY_UISupportedInterfaceOrientations = UIInterfaceOrientationPortrait;
				INFOPLIST_KEY_UISupportedInterfaceOrientations_iPad = "UIInterfaceOrientationLandscapeLeft UIInterfaceOrientationLandscapeRight UIInterfaceOrientationPortrait UIInterfaceOrientationPortraitUpsideDown";
				IPHONEOS_DEPLOYMENT_TARGET = 16.0;
				LD_RUNPATH_SEARCH_PATHS = (
					"$(inherited)",
					"@executable_path/Frameworks",
				);
				MARKETING_VERSION = 1.0;
				PRODUCT_BUNDLE_IDENTIFIER = id.spontan.TemanDekor;
				PRODUCT_NAME = "$(TARGET_NAME)";
				SUPPORTED_PLATFORMS = "iphoneos iphonesimulator";
				SUPPORTS_MACCATALYST = NO;
				SUPPORTS_MAC_DESIGNED_FOR_IPHONE_IPAD = NO;
				SWIFT_EMIT_LOC_STRINGS = YES;
				SWIFT_VERSION = 5.0;
				TARGETED_DEVICE_FAMILY = "1,2";
			};
			name = Debug;
		};
		43694FC129EC64F4007F1C20 /* Release */ = {
			isa = XCBuildConfiguration;
			buildSettings = {
				ASSETCATALOG_COMPILER_APPICON_NAME = AppIcon;
				ASSETCATALOG_COMPILER_GLOBAL_ACCENT_COLOR_NAME = AccentColor;
				CODE_SIGN_STYLE = Automatic;
				CURRENT_PROJECT_VERSION = 1;
				DEVELOPMENT_ASSET_PATHS = "\"MC1-SpontanUhuy/Preview Content\"";
				DEVELOPMENT_TEAM = WMK9L7H7UT;
				ENABLE_PREVIEWS = YES;
				GENERATE_INFOPLIST_FILE = YES;
				INFOPLIST_FILE = "MC1-SpontanUhuy/Info.plist";
				INFOPLIST_KEY_CFBundleDisplayName = TemanRuang;
				INFOPLIST_KEY_LSApplicationCategoryType = "public.app-category.productivity";
				INFOPLIST_KEY_NSCameraUsageDescription = "This app used camera";
				INFOPLIST_KEY_UIApplicationSceneManifest_Generation = YES;
				INFOPLIST_KEY_UIApplicationSupportsIndirectInputEvents = YES;
				INFOPLIST_KEY_UILaunchScreen_Generation = YES;
				INFOPLIST_KEY_UISupportedInterfaceOrientations = UIInterfaceOrientationPortrait;
				INFOPLIST_KEY_UISupportedInterfaceOrientations_iPad = "UIInterfaceOrientationLandscapeLeft UIInterfaceOrientationLandscapeRight UIInterfaceOrientationPortrait UIInterfaceOrientationPortraitUpsideDown";
				IPHONEOS_DEPLOYMENT_TARGET = 16.0;
				LD_RUNPATH_SEARCH_PATHS = (
					"$(inherited)",
					"@executable_path/Frameworks",
				);
				MARKETING_VERSION = 1.0;
				PRODUCT_BUNDLE_IDENTIFIER = id.spontan.TemanDekor;
				PRODUCT_NAME = "$(TARGET_NAME)";
				SUPPORTED_PLATFORMS = "iphoneos iphonesimulator";
				SUPPORTS_MACCATALYST = NO;
				SUPPORTS_MAC_DESIGNED_FOR_IPHONE_IPAD = NO;
				SWIFT_EMIT_LOC_STRINGS = YES;
				SWIFT_VERSION = 5.0;
				TARGETED_DEVICE_FAMILY = "1,2";
			};
			name = Release;
		};
/* End XCBuildConfiguration section */

/* Begin XCConfigurationList section */
		43694FAC29EC64F3007F1C20 /* Build configuration list for PBXProject "MC1-SpontanUhuy" */ = {
			isa = XCConfigurationList;
			buildConfigurations = (
				43694FBD29EC64F4007F1C20 /* Debug */,
				43694FBE29EC64F4007F1C20 /* Release */,
			);
			defaultConfigurationIsVisible = 0;
			defaultConfigurationName = Release;
		};
		43694FBF29EC64F4007F1C20 /* Build configuration list for PBXNativeTarget "MC1-SpontanUhuy" */ = {
			isa = XCConfigurationList;
			buildConfigurations = (
				43694FC029EC64F4007F1C20 /* Debug */,
				43694FC129EC64F4007F1C20 /* Release */,
			);
			defaultConfigurationIsVisible = 0;
			defaultConfigurationName = Release;
		};
/* End XCConfigurationList section */

/* Begin XCRemoteSwiftPackageReference section */
		D61602382A00108100C3DFB9 /* XCRemoteSwiftPackageReference "ARKit-FocusNode" */ = {
			isa = XCRemoteSwiftPackageReference;
			repositoryURL = "https://github.com/maxxfrazer/ARKit-FocusNode";
			requirement = {
				kind = upToNextMajorVersion;
				minimumVersion = 2.0.0;
			};
		};
		D616023B2A0010E600C3DFB9 /* XCRemoteSwiftPackageReference "FocusEntity" */ = {
			isa = XCRemoteSwiftPackageReference;
			repositoryURL = "https://github.com/maxxfrazer/FocusEntity";
			requirement = {
				kind = upToNextMajorVersion;
				minimumVersion = 2.0.0;
			};
		};
/* End XCRemoteSwiftPackageReference section */

/* Begin XCSwiftPackageProductDependency section */
		D61602392A00108100C3DFB9 /* FocusNode */ = {
			isa = XCSwiftPackageProductDependency;
			package = D61602382A00108100C3DFB9 /* XCRemoteSwiftPackageReference "ARKit-FocusNode" */;
			productName = FocusNode;
		};
		D616023C2A0010E600C3DFB9 /* FocusEntity */ = {
			isa = XCSwiftPackageProductDependency;
			package = D616023B2A0010E600C3DFB9 /* XCRemoteSwiftPackageReference "FocusEntity" */;
			productName = FocusEntity;
		};
/* End XCSwiftPackageProductDependency section */
	};
	rootObject = 43694FA929EC64F3007F1C20 /* Project object */;
}
