// !$*UTF8*$!
{
	archiveVersion = 1;
	classes = {
	};
	objectVersion = 56;
	objects = {

/* Begin PBXBuildFile section */
		325E75DD2A0116F70078FD6C /* SplashScreenView.swift in Sources */ = {isa = PBXBuildFile; fileRef = 325E75DC2A0116F70078FD6C /* SplashScreenView.swift */; };
		325E75E62A023A590078FD6C /* VideoPlayerView.swift in Sources */ = {isa = PBXBuildFile; fileRef = 325E75E52A023A590078FD6C /* VideoPlayerView.swift */; };
		325E75ED2A0253FA0078FD6C /* OnboardingView.swift in Sources */ = {isa = PBXBuildFile; fileRef = 325E75EC2A0253FA0078FD6C /* OnboardingView.swift */; };
		431BEC412A03C84400E54B5B /* IdeasView.swift in Sources */ = {isa = PBXBuildFile; fileRef = 431BEC402A03C84400E54B5B /* IdeasView.swift */; };
		431BEC432A03C84F00E54B5B /* IdeasViewModel.swift in Sources */ = {isa = PBXBuildFile; fileRef = 431BEC422A03C84F00E54B5B /* IdeasViewModel.swift */; };
		43694FB529EC64F3007F1C20 /* MyApp.swift in Sources */ = {isa = PBXBuildFile; fileRef = 43694FB429EC64F3007F1C20 /* MyApp.swift */; };
		43694FB929EC64F4007F1C20 /* Assets.xcassets in Resources */ = {isa = PBXBuildFile; fileRef = 43694FB829EC64F4007F1C20 /* Assets.xcassets */; };
		43694FBC29EC64F4007F1C20 /* Preview Assets.xcassets in Resources */ = {isa = PBXBuildFile; fileRef = 43694FBB29EC64F4007F1C20 /* Preview Assets.xcassets */; };
		4377120D2A00EEE4000D804B /* HomePageViewModel.swift in Sources */ = {isa = PBXBuildFile; fileRef = 4377120C2A00EEE4000D804B /* HomePageViewModel.swift */; };
		43EB153F2A0100C400C18489 /* Color.swift in Sources */ = {isa = PBXBuildFile; fileRef = 43EB153E2A0100C400C18489 /* Color.swift */; };
		43EB15412A01044200C18489 /* RoomCard.swift in Sources */ = {isa = PBXBuildFile; fileRef = 43EB15402A01044200C18489 /* RoomCard.swift */; };
		43EB15432A01138800C18489 /* Constants.swift in Sources */ = {isa = PBXBuildFile; fileRef = 43EB15422A01138800C18489 /* Constants.swift */; };
		43EB15472A024E4F00C18489 /* RoomFormView.swift in Sources */ = {isa = PBXBuildFile; fileRef = 43EB15462A024E4F00C18489 /* RoomFormView.swift */; };
		43EB15492A024EA300C18489 /* RoomFormViewModel.swift in Sources */ = {isa = PBXBuildFile; fileRef = 43EB15482A024EA300C18489 /* RoomFormViewModel.swift */; };
		D616022929FFE49900C3DFB9 /* RoomView.swift in Sources */ = {isa = PBXBuildFile; fileRef = D616022829FFE49900C3DFB9 /* RoomView.swift */; };
		D616022C29FFF12900C3DFB9 /* CustomARView.swift in Sources */ = {isa = PBXBuildFile; fileRef = D616022B29FFF12900C3DFB9 /* CustomARView.swift */; };
		D61602322A00032B00C3DFB9 /* Indian_Furniture.usdz in Resources */ = {isa = PBXBuildFile; fileRef = D61602312A00032B00C3DFB9 /* Indian_Furniture.usdz */; };
		D61602352A000A1F00C3DFB9 /* RoomViewModel.swift in Sources */ = {isa = PBXBuildFile; fileRef = D61602342A000A1F00C3DFB9 /* RoomViewModel.swift */; };
		D61602372A000FFA00C3DFB9 /* Antique_Furniture.usdz in Resources */ = {isa = PBXBuildFile; fileRef = D61602362A000FFA00C3DFB9 /* Antique_Furniture.usdz */; };
		D616023D2A0010E600C3DFB9 /* FocusEntity in Frameworks */ = {isa = PBXBuildFile; productRef = D616023C2A0010E600C3DFB9 /* FocusEntity */; };
		D623A3A12A026E75001FEDB7 /* FurnitureChosenModel.swift in Sources */ = {isa = PBXBuildFile; fileRef = D623A3A02A026E75001FEDB7 /* FurnitureChosenModel.swift */; };
		D62B1C372A03B29400C314AB /* CategoryModel.swift in Sources */ = {isa = PBXBuildFile; fileRef = D62B1C362A03B29400C314AB /* CategoryModel.swift */; };
		D67C83C52A04E115004AA520 /* ContentView.swift in Sources */ = {isa = PBXBuildFile; fileRef = D67C83C42A04E115004AA520 /* ContentView.swift */; };
		D67C83C72A04E141004AA520 /* HomePageView.swift in Sources */ = {isa = PBXBuildFile; fileRef = D67C83C62A04E141004AA520 /* HomePageView.swift */; };
		D68CC3352A0356E50010D754 /* ModelEntity+Material.swift in Sources */ = {isa = PBXBuildFile; fileRef = D68CC3342A0356E50010D754 /* ModelEntity+Material.swift */; };
		D68CC3372A03571C0010D754 /* TemanRuangVideo.mp4 in Resources */ = {isa = PBXBuildFile; fileRef = D68CC3362A03571C0010D754 /* TemanRuangVideo.mp4 */; };
		D6D869162A04A71400AC699A /* RecommendationModel.swift in Sources */ = {isa = PBXBuildFile; fileRef = D6D869152A04A71400AC699A /* RecommendationModel.swift */; };
		D6F4090F2A00F09900F45796 /* FurnitureModel.swift in Sources */ = {isa = PBXBuildFile; fileRef = D6F4090E2A00F09900F45796 /* FurnitureModel.swift */; };
		D6F409122A01075200F45796 /* FurnitureRepository.swift in Sources */ = {isa = PBXBuildFile; fileRef = D6F409112A01075200F45796 /* FurnitureRepository.swift */; };
		D6F4091B2A0119B900F45796 /* RoomContainerView.swift in Sources */ = {isa = PBXBuildFile; fileRef = D6F4091A2A0119B900F45796 /* RoomContainerView.swift */; };
/* End PBXBuildFile section */

/* Begin PBXFileReference section */
		325E75DC2A0116F70078FD6C /* SplashScreenView.swift */ = {isa = PBXFileReference; lastKnownFileType = sourcecode.swift; path = SplashScreenView.swift; sourceTree = "<group>"; };
		325E75E52A023A590078FD6C /* VideoPlayerView.swift */ = {isa = PBXFileReference; lastKnownFileType = sourcecode.swift; path = VideoPlayerView.swift; sourceTree = "<group>"; };
		325E75EC2A0253FA0078FD6C /* OnboardingView.swift */ = {isa = PBXFileReference; lastKnownFileType = sourcecode.swift; path = OnboardingView.swift; sourceTree = "<group>"; };
		431BEC402A03C84400E54B5B /* IdeasView.swift */ = {isa = PBXFileReference; lastKnownFileType = sourcecode.swift; path = IdeasView.swift; sourceTree = "<group>"; };
		431BEC422A03C84F00E54B5B /* IdeasViewModel.swift */ = {isa = PBXFileReference; lastKnownFileType = sourcecode.swift; path = IdeasViewModel.swift; sourceTree = "<group>"; };
		43694FB129EC64F3007F1C20 /* MC1-SpontanUhuy.app */ = {isa = PBXFileReference; explicitFileType = wrapper.application; includeInIndex = 0; path = "MC1-SpontanUhuy.app"; sourceTree = BUILT_PRODUCTS_DIR; };
		43694FB429EC64F3007F1C20 /* MyApp.swift */ = {isa = PBXFileReference; lastKnownFileType = sourcecode.swift; path = MyApp.swift; sourceTree = "<group>"; };
		43694FB829EC64F4007F1C20 /* Assets.xcassets */ = {isa = PBXFileReference; lastKnownFileType = folder.assetcatalog; path = Assets.xcassets; sourceTree = "<group>"; };
		43694FBB29EC64F4007F1C20 /* Preview Assets.xcassets */ = {isa = PBXFileReference; lastKnownFileType = folder.assetcatalog; path = "Preview Assets.xcassets"; sourceTree = "<group>"; };
		4377120C2A00EEE4000D804B /* HomePageViewModel.swift */ = {isa = PBXFileReference; lastKnownFileType = sourcecode.swift; path = HomePageViewModel.swift; sourceTree = "<group>"; };
		43EB153E2A0100C400C18489 /* Color.swift */ = {isa = PBXFileReference; lastKnownFileType = sourcecode.swift; path = Color.swift; sourceTree = "<group>"; };
		43EB15402A01044200C18489 /* RoomCard.swift */ = {isa = PBXFileReference; lastKnownFileType = sourcecode.swift; path = RoomCard.swift; sourceTree = "<group>"; };
		43EB15422A01138800C18489 /* Constants.swift */ = {isa = PBXFileReference; lastKnownFileType = sourcecode.swift; path = Constants.swift; sourceTree = "<group>"; };
		43EB15462A024E4F00C18489 /* RoomFormView.swift */ = {isa = PBXFileReference; lastKnownFileType = sourcecode.swift; path = RoomFormView.swift; sourceTree = "<group>"; };
		43EB15482A024EA300C18489 /* RoomFormViewModel.swift */ = {isa = PBXFileReference; lastKnownFileType = sourcecode.swift; path = RoomFormViewModel.swift; sourceTree = "<group>"; };
		D616022829FFE49900C3DFB9 /* RoomView.swift */ = {isa = PBXFileReference; lastKnownFileType = sourcecode.swift; path = RoomView.swift; sourceTree = "<group>"; };
		D616022B29FFF12900C3DFB9 /* CustomARView.swift */ = {isa = PBXFileReference; lastKnownFileType = sourcecode.swift; path = CustomARView.swift; sourceTree = "<group>"; };
		D616022D29FFFCEA00C3DFB9 /* Info.plist */ = {isa = PBXFileReference; lastKnownFileType = text.plist; path = Info.plist; sourceTree = "<group>"; };
		D61602312A00032B00C3DFB9 /* Indian_Furniture.usdz */ = {isa = PBXFileReference; lastKnownFileType = file.usdz; path = Indian_Furniture.usdz; sourceTree = "<group>"; };
		D61602342A000A1F00C3DFB9 /* RoomViewModel.swift */ = {isa = PBXFileReference; lastKnownFileType = sourcecode.swift; path = RoomViewModel.swift; sourceTree = "<group>"; };
		D61602362A000FFA00C3DFB9 /* Antique_Furniture.usdz */ = {isa = PBXFileReference; lastKnownFileType = file.usdz; path = Antique_Furniture.usdz; sourceTree = "<group>"; };
		D623A3A02A026E75001FEDB7 /* FurnitureChosenModel.swift */ = {isa = PBXFileReference; lastKnownFileType = sourcecode.swift; path = FurnitureChosenModel.swift; sourceTree = "<group>"; };
		D62B1C362A03B29400C314AB /* CategoryModel.swift */ = {isa = PBXFileReference; lastKnownFileType = sourcecode.swift; path = CategoryModel.swift; sourceTree = "<group>"; };
		D67C83C42A04E115004AA520 /* ContentView.swift */ = {isa = PBXFileReference; lastKnownFileType = sourcecode.swift; path = ContentView.swift; sourceTree = "<group>"; };
		D67C83C62A04E141004AA520 /* HomePageView.swift */ = {isa = PBXFileReference; lastKnownFileType = sourcecode.swift; path = HomePageView.swift; sourceTree = "<group>"; };
		D68CC3342A0356E50010D754 /* ModelEntity+Material.swift */ = {isa = PBXFileReference; lastKnownFileType = sourcecode.swift; path = "ModelEntity+Material.swift"; sourceTree = "<group>"; };
		D68CC3362A03571C0010D754 /* TemanRuangVideo.mp4 */ = {isa = PBXFileReference; lastKnownFileType = file; path = TemanRuangVideo.mp4; sourceTree = "<group>"; };
		D6D869152A04A71400AC699A /* RecommendationModel.swift */ = {isa = PBXFileReference; lastKnownFileType = sourcecode.swift; path = RecommendationModel.swift; sourceTree = "<group>"; };
		D6F4090E2A00F09900F45796 /* FurnitureModel.swift */ = {isa = PBXFileReference; lastKnownFileType = sourcecode.swift; path = FurnitureModel.swift; sourceTree = "<group>"; };
		D6F409102A00F1E000F45796 /* MC1-SpontanUhuy.entitlements */ = {isa = PBXFileReference; lastKnownFileType = text.plist.entitlements; path = "MC1-SpontanUhuy.entitlements"; sourceTree = "<group>"; };
		D6F409112A01075200F45796 /* FurnitureRepository.swift */ = {isa = PBXFileReference; lastKnownFileType = sourcecode.swift; path = FurnitureRepository.swift; sourceTree = "<group>"; };
		D6F4091A2A0119B900F45796 /* RoomContainerView.swift */ = {isa = PBXFileReference; lastKnownFileType = sourcecode.swift; path = RoomContainerView.swift; sourceTree = "<group>"; };
/* End PBXFileReference section */

/* Begin PBXFrameworksBuildPhase section */
		43694FAE29EC64F3007F1C20 /* Frameworks */ = {
			isa = PBXFrameworksBuildPhase;
			buildActionMask = 2147483647;
			files = (
				D616023D2A0010E600C3DFB9 /* FocusEntity in Frameworks */,
			);
			runOnlyForDeploymentPostprocessing = 0;
		};
/* End PBXFrameworksBuildPhase section */

/* Begin PBXGroup section */
		325E75E42A023A3B0078FD6C /* SplashScreen */ = {
			isa = PBXGroup;
			children = (
				325E75DC2A0116F70078FD6C /* SplashScreenView.swift */,
				325E75E52A023A590078FD6C /* VideoPlayerView.swift */,
			);
			path = SplashScreen;
			sourceTree = "<group>";
		};
		325E75EB2A0253760078FD6C /* OnboardingScreen */ = {
			isa = PBXGroup;
			children = (
				325E75EC2A0253FA0078FD6C /* OnboardingView.swift */,
			);
			path = OnboardingScreen;
			sourceTree = "<group>";
		};
		43694FA829EC64F3007F1C20 = {
			isa = PBXGroup;
			children = (
				43694FB329EC64F3007F1C20 /* MC1-SpontanUhuy */,
				43694FB229EC64F3007F1C20 /* Products */,
			);
			sourceTree = "<group>";
		};
		43694FB229EC64F3007F1C20 /* Products */ = {
			isa = PBXGroup;
			children = (
				43694FB129EC64F3007F1C20 /* MC1-SpontanUhuy.app */,
			);
			name = Products;
			sourceTree = "<group>";
		};
		43694FB329EC64F3007F1C20 /* MC1-SpontanUhuy */ = {
			isa = PBXGroup;
			children = (
				D61602302A00031500C3DFB9 /* Core */,
				D6F409152A010F4D00F45796 /* Data */,
				D616022A29FFF0AD00C3DFB9 /* Components */,
				D687D19529F53AFA00B38E30 /* Views */,
				D61602332A000A0A00C3DFB9 /* ViewModels */,
				43694FB829EC64F4007F1C20 /* Assets.xcassets */,
				D616022D29FFFCEA00C3DFB9 /* Info.plist */,
				D6F409102A00F1E000F45796 /* MC1-SpontanUhuy.entitlements */,
				43694FBA29EC64F4007F1C20 /* Preview Content */,
				D616022F2A00030B00C3DFB9 /* Resources */,
			);
			path = "MC1-SpontanUhuy";
			sourceTree = "<group>";
		};
		43694FBA29EC64F4007F1C20 /* Preview Content */ = {
			isa = PBXGroup;
			children = (
				43694FBB29EC64F4007F1C20 /* Preview Assets.xcassets */,
			);
			path = "Preview Content";
			sourceTree = "<group>";
		};
		43EB153D2A01009B00C18489 /* Extensions */ = {
			isa = PBXGroup;
			children = (
				43EB153E2A0100C400C18489 /* Color.swift */,
				D68CC3342A0356E50010D754 /* ModelEntity+Material.swift */,
			);
			path = Extensions;
			sourceTree = "<group>";
		};
		D616022A29FFF0AD00C3DFB9 /* Components */ = {
			isa = PBXGroup;
			children = (
				43EB15402A01044200C18489 /* RoomCard.swift */,
			);
			path = Components;
			sourceTree = "<group>";
		};
		D616022F2A00030B00C3DFB9 /* Resources */ = {
			isa = PBXGroup;
			children = (
				D68CC3362A03571C0010D754 /* TemanRuangVideo.mp4 */,
				D61602362A000FFA00C3DFB9 /* Antique_Furniture.usdz */,
				D61602312A00032B00C3DFB9 /* Indian_Furniture.usdz */,
			);
			path = Resources;
			sourceTree = "<group>";
		};
		D61602302A00031500C3DFB9 /* Core */ = {
			isa = PBXGroup;
			children = (
				43EB153D2A01009B00C18489 /* Extensions */,
				43694FB429EC64F3007F1C20 /* MyApp.swift */,
				43EB15422A01138800C18489 /* Constants.swift */,
			);
			path = Core;
			sourceTree = "<group>";
		};
		D61602332A000A0A00C3DFB9 /* ViewModels */ = {
			isa = PBXGroup;
			children = (
				D61602342A000A1F00C3DFB9 /* RoomViewModel.swift */,
				4377120C2A00EEE4000D804B /* HomePageViewModel.swift */,
				43EB15482A024EA300C18489 /* RoomFormViewModel.swift */,
				431BEC422A03C84F00E54B5B /* IdeasViewModel.swift */,
			);
			path = ViewModels;
			sourceTree = "<group>";
		};
		D6654B842A04AED800B6BA15 /* HomeScreen */ = {
			isa = PBXGroup;
			children = (
				D67C83C62A04E141004AA520 /* HomePageView.swift */,
			);
			path = HomeScreen;
			sourceTree = "<group>";
		};
		D687D19529F53AFA00B38E30 /* Views */ = {
			isa = PBXGroup;
			children = (
				D6654B842A04AED800B6BA15 /* HomeScreen */,
				D68CC3382A0358420010D754 /* RoomScreen */,
				325E75EB2A0253760078FD6C /* OnboardingScreen */,
				325E75E42A023A3B0078FD6C /* SplashScreen */,
				431BEC402A03C84400E54B5B /* IdeasView.swift */,
				43EB15462A024E4F00C18489 /* RoomFormView.swift */,
				D67C83C42A04E115004AA520 /* ContentView.swift */,
			);
			path = Views;
			sourceTree = "<group>";
		};
		D68CC3382A0358420010D754 /* RoomScreen */ = {
			isa = PBXGroup;
			children = (
				D616022B29FFF12900C3DFB9 /* CustomARView.swift */,
				D6F4091A2A0119B900F45796 /* RoomContainerView.swift */,
				D616022829FFE49900C3DFB9 /* RoomView.swift */,
			);
			path = RoomScreen;
			sourceTree = "<group>";
		};
		D6F409152A010F4D00F45796 /* Data */ = {
			isa = PBXGroup;
			children = (
				D6F409192A01100F00F45796 /* Models */,
				D6F409182A01100A00F45796 /* Repository */,
			);
			path = Data;
			sourceTree = "<group>";
		};
		D6F409182A01100A00F45796 /* Repository */ = {
			isa = PBXGroup;
			children = (
				D6F409112A01075200F45796 /* FurnitureRepository.swift */,
			);
			path = Repository;
			sourceTree = "<group>";
		};
		D6F409192A01100F00F45796 /* Models */ = {
			isa = PBXGroup;
			children = (
				D6F4090E2A00F09900F45796 /* FurnitureModel.swift */,
				D623A3A02A026E75001FEDB7 /* FurnitureChosenModel.swift */,
				D62B1C362A03B29400C314AB /* CategoryModel.swift */,
				D6D869152A04A71400AC699A /* RecommendationModel.swift */,
			);
			path = Models;
			sourceTree = "<group>";
		};
/* End PBXGroup section */

/* Begin PBXNativeTarget section */
		43694FB029EC64F3007F1C20 /* MC1-SpontanUhuy */ = {
			isa = PBXNativeTarget;
			buildConfigurationList = 43694FBF29EC64F4007F1C20 /* Build configuration list for PBXNativeTarget "MC1-SpontanUhuy" */;
			buildPhases = (
				43694FAD29EC64F3007F1C20 /* Sources */,
				43694FAE29EC64F3007F1C20 /* Frameworks */,
				43694FAF29EC64F3007F1C20 /* Resources */,
			);
			buildRules = (
			);
			dependencies = (
			);
			name = "MC1-SpontanUhuy";
			packageProductDependencies = (
				D616023C2A0010E600C3DFB9 /* FocusEntity */,
			);
			productName = "MC1-SpontanUhuy";
			productReference = 43694FB129EC64F3007F1C20 /* MC1-SpontanUhuy.app */;
			productType = "com.apple.product-type.application";
		};
/* End PBXNativeTarget section */

/* Begin PBXProject section */
		43694FA929EC64F3007F1C20 /* Project object */ = {
			isa = PBXProject;
			attributes = {
				BuildIndependentTargetsInParallel = 1;
				LastSwiftUpdateCheck = 1430;
				LastUpgradeCheck = 1430;
				TargetAttributes = {
					43694FB029EC64F3007F1C20 = {
						CreatedOnToolsVersion = 14.3;
					};
				};
			};
			buildConfigurationList = 43694FAC29EC64F3007F1C20 /* Build configuration list for PBXProject "MC1-SpontanUhuy" */;
			compatibilityVersion = "Xcode 14.0";
			developmentRegion = en;
			hasScannedForEncodings = 0;
			knownRegions = (
				en,
				Base,
			);
			mainGroup = 43694FA829EC64F3007F1C20;
			packageReferences = (
				D616023B2A0010E600C3DFB9 /* XCRemoteSwiftPackageReference "FocusEntity" */,
			);
			productRefGroup = 43694FB229EC64F3007F1C20 /* Products */;
			projectDirPath = "";
			projectRoot = "";
			targets = (
				43694FB029EC64F3007F1C20 /* MC1-SpontanUhuy */,
			);
		};
/* End PBXProject section */

/* Begin PBXResourcesBuildPhase section */
		43694FAF29EC64F3007F1C20 /* Resources */ = {
			isa = PBXResourcesBuildPhase;
			buildActionMask = 2147483647;
			files = (
				D61602372A000FFA00C3DFB9 /* Antique_Furniture.usdz in Resources */,
				D68CC3372A03571C0010D754 /* TemanRuangVideo.mp4 in Resources */,
				43694FBC29EC64F4007F1C20 /* Preview Assets.xcassets in Resources */,
				D61602322A00032B00C3DFB9 /* Indian_Furniture.usdz in Resources */,
				43694FB929EC64F4007F1C20 /* Assets.xcassets in Resources */,
			);
			runOnlyForDeploymentPostprocessing = 0;
		};
/* End PBXResourcesBuildPhase section */

/* Begin PBXSourcesBuildPhase section */
		43694FAD29EC64F3007F1C20 /* Sources */ = {
			isa = PBXSourcesBuildPhase;
			buildActionMask = 2147483647;
			files = (
				D6D869162A04A71400AC699A /* RecommendationModel.swift in Sources */,
				D6F4090F2A00F09900F45796 /* FurnitureModel.swift in Sources */,
				D616022C29FFF12900C3DFB9 /* CustomARView.swift in Sources */,
				43EB15432A01138800C18489 /* Constants.swift in Sources */,
				D61602352A000A1F00C3DFB9 /* RoomViewModel.swift in Sources */,
				D62B1C372A03B29400C314AB /* CategoryModel.swift in Sources */,
				D623A3A12A026E75001FEDB7 /* FurnitureChosenModel.swift in Sources */,
				D67C83C72A04E141004AA520 /* HomePageView.swift in Sources */,
				D6F4091B2A0119B900F45796 /* RoomContainerView.swift in Sources */,
				325E75DD2A0116F70078FD6C /* SplashScreenView.swift in Sources */,
				325E75ED2A0253FA0078FD6C /* OnboardingView.swift in Sources */,
				D616022929FFE49900C3DFB9 /* RoomView.swift in Sources */,
				325E75E62A023A590078FD6C /* VideoPlayerView.swift in Sources */,
				D68CC3352A0356E50010D754 /* ModelEntity+Material.swift in Sources */,
				D67C83C52A04E115004AA520 /* ContentView.swift in Sources */,
				D6F409122A01075200F45796 /* FurnitureRepository.swift in Sources */,
				43EB15412A01044200C18489 /* RoomCard.swift in Sources */,
				4377120D2A00EEE4000D804B /* HomePageViewModel.swift in Sources */,
				431BEC412A03C84400E54B5B /* IdeasView.swift in Sources */,
				43694FB529EC64F3007F1C20 /* MyApp.swift in Sources */,
				43EB15492A024EA300C18489 /* RoomFormViewModel.swift in Sources */,
				43EB15472A024E4F00C18489 /* RoomFormView.swift in Sources */,
				431BEC432A03C84F00E54B5B /* IdeasViewModel.swift in Sources */,
				43EB153F2A0100C400C18489 /* Color.swift in Sources */,
			);
			runOnlyForDeploymentPostprocessing = 0;
		};
/* End PBXSourcesBuildPhase section */

/* Begin XCBuildConfiguration section */
		43694FBD29EC64F4007F1C20 /* Debug */ = {
			isa = XCBuildConfiguration;
			buildSettings = {
				ALWAYS_SEARCH_USER_PATHS = NO;
				CLANG_ANALYZER_NONNULL = YES;
				CLANG_ANALYZER_NUMBER_OBJECT_CONVERSION = YES_AGGRESSIVE;
				CLANG_CXX_LANGUAGE_STANDARD = "gnu++20";
				CLANG_ENABLE_MODULES = YES;
				CLANG_ENABLE_OBJC_ARC = YES;
				CLANG_ENABLE_OBJC_WEAK = YES;
				CLANG_WARN_BLOCK_CAPTURE_AUTORELEASING = YES;
				CLANG_WARN_BOOL_CONVERSION = YES;
				CLANG_WARN_COMMA = YES;
				CLANG_WARN_CONSTANT_CONVERSION = YES;
				CLANG_WARN_DEPRECATED_OBJC_IMPLEMENTATIONS = YES;
				CLANG_WARN_DIRECT_OBJC_ISA_USAGE = YES_ERROR;
				CLANG_WARN_DOCUMENTATION_COMMENTS = YES;
				CLANG_WARN_EMPTY_BODY = YES;
				CLANG_WARN_ENUM_CONVERSION = YES;
				CLANG_WARN_INFINITE_RECURSION = YES;
				CLANG_WARN_INT_CONVERSION = YES;
				CLANG_WARN_NON_LITERAL_NULL_CONVERSION = YES;
				CLANG_WARN_OBJC_IMPLICIT_RETAIN_SELF = YES;
				CLANG_WARN_OBJC_LITERAL_CONVERSION = YES;
				CLANG_WARN_OBJC_ROOT_CLASS = YES_ERROR;
				CLANG_WARN_QUOTED_INCLUDE_IN_FRAMEWORK_HEADER = YES;
				CLANG_WARN_RANGE_LOOP_ANALYSIS = YES;
				CLANG_WARN_STRICT_PROTOTYPES = YES;
				CLANG_WARN_SUSPICIOUS_MOVE = YES;
				CLANG_WARN_UNGUARDED_AVAILABILITY = YES_AGGRESSIVE;
				CLANG_WARN_UNREACHABLE_CODE = YES;
				CLANG_WARN__DUPLICATE_METHOD_MATCH = YES;
				COPY_PHASE_STRIP = NO;
				DEBUG_INFORMATION_FORMAT = dwarf;
				ENABLE_STRICT_OBJC_MSGSEND = YES;
				ENABLE_TESTABILITY = YES;
				GCC_C_LANGUAGE_STANDARD = gnu11;
				GCC_DYNAMIC_NO_PIC = NO;
				GCC_NO_COMMON_BLOCKS = YES;
				GCC_OPTIMIZATION_LEVEL = 0;
				GCC_PREPROCESSOR_DEFINITIONS = (
					"DEBUG=1",
					"$(inherited)",
				);
				GCC_WARN_64_TO_32_BIT_CONVERSION = YES;
				GCC_WARN_ABOUT_RETURN_TYPE = YES_ERROR;
				GCC_WARN_UNDECLARED_SELECTOR = YES;
				GCC_WARN_UNINITIALIZED_AUTOS = YES_AGGRESSIVE;
				GCC_WARN_UNUSED_FUNCTION = YES;
				GCC_WARN_UNUSED_VARIABLE = YES;
				IPHONEOS_DEPLOYMENT_TARGET = 16.4;
				MTL_ENABLE_DEBUG_INFO = INCLUDE_SOURCE;
				MTL_FAST_MATH = YES;
				ONLY_ACTIVE_ARCH = YES;
				SDKROOT = iphoneos;
				SWIFT_ACTIVE_COMPILATION_CONDITIONS = DEBUG;
				SWIFT_OPTIMIZATION_LEVEL = "-Onone";
			};
			name = Debug;
		};
		43694FBE29EC64F4007F1C20 /* Release */ = {
			isa = XCBuildConfiguration;
			buildSettings = {
				ALWAYS_SEARCH_USER_PATHS = NO;
				CLANG_ANALYZER_NONNULL = YES;
				CLANG_ANALYZER_NUMBER_OBJECT_CONVERSION = YES_AGGRESSIVE;
				CLANG_CXX_LANGUAGE_STANDARD = "gnu++20";
				CLANG_ENABLE_MODULES = YES;
				CLANG_ENABLE_OBJC_ARC = YES;
				CLANG_ENABLE_OBJC_WEAK = YES;
				CLANG_WARN_BLOCK_CAPTURE_AUTORELEASING = YES;
				CLANG_WARN_BOOL_CONVERSION = YES;
				CLANG_WARN_COMMA = YES;
				CLANG_WARN_CONSTANT_CONVERSION = YES;
				CLANG_WARN_DEPRECATED_OBJC_IMPLEMENTATIONS = YES;
				CLANG_WARN_DIRECT_OBJC_ISA_USAGE = YES_ERROR;
				CLANG_WARN_DOCUMENTATION_COMMENTS = YES;
				CLANG_WARN_EMPTY_BODY = YES;
				CLANG_WARN_ENUM_CONVERSION = YES;
				CLANG_WARN_INFINITE_RECURSION = YES;
				CLANG_WARN_INT_CONVERSION = YES;
				CLANG_WARN_NON_LITERAL_NULL_CONVERSION = YES;
				CLANG_WARN_OBJC_IMPLICIT_RETAIN_SELF = YES;
				CLANG_WARN_OBJC_LITERAL_CONVERSION = YES;
				CLANG_WARN_OBJC_ROOT_CLASS = YES_ERROR;
				CLANG_WARN_QUOTED_INCLUDE_IN_FRAMEWORK_HEADER = YES;
				CLANG_WARN_RANGE_LOOP_ANALYSIS = YES;
				CLANG_WARN_STRICT_PROTOTYPES = YES;
				CLANG_WARN_SUSPICIOUS_MOVE = YES;
				CLANG_WARN_UNGUARDED_AVAILABILITY = YES_AGGRESSIVE;
				CLANG_WARN_UNREACHABLE_CODE = YES;
				CLANG_WARN__DUPLICATE_METHOD_MATCH = YES;
				COPY_PHASE_STRIP = NO;
				DEBUG_INFORMATION_FORMAT = "dwarf-with-dsym";
				ENABLE_NS_ASSERTIONS = NO;
				ENABLE_STRICT_OBJC_MSGSEND = YES;
				GCC_C_LANGUAGE_STANDARD = gnu11;
				GCC_NO_COMMON_BLOCKS = YES;
				GCC_WARN_64_TO_32_BIT_CONVERSION = YES;
				GCC_WARN_ABOUT_RETURN_TYPE = YES_ERROR;
				GCC_WARN_UNDECLARED_SELECTOR = YES;
				GCC_WARN_UNINITIALIZED_AUTOS = YES_AGGRESSIVE;
				GCC_WARN_UNUSED_FUNCTION = YES;
				GCC_WARN_UNUSED_VARIABLE = YES;
				IPHONEOS_DEPLOYMENT_TARGET = 16.4;
				MTL_ENABLE_DEBUG_INFO = NO;
				MTL_FAST_MATH = YES;
				SDKROOT = iphoneos;
				SWIFT_COMPILATION_MODE = wholemodule;
				SWIFT_OPTIMIZATION_LEVEL = "-O";
				VALIDATE_PRODUCT = YES;
			};
			name = Release;
		};
		43694FC029EC64F4007F1C20 /* Debug */ = {
			isa = XCBuildConfiguration;
			buildSettings = {
				ASSETCATALOG_COMPILER_APPICON_NAME = AppIcon;
				ASSETCATALOG_COMPILER_GLOBAL_ACCENT_COLOR_NAME = AccentColor;
				CODE_SIGN_ENTITLEMENTS = "MC1-SpontanUhuy/MC1-SpontanUhuy.entitlements";
				CODE_SIGN_STYLE = Automatic;
				CURRENT_PROJECT_VERSION = 1;
				DEVELOPMENT_ASSET_PATHS = "\"MC1-SpontanUhuy/Preview Content\"";
				DEVELOPMENT_TEAM = 47BZXPDJKC;
				ENABLE_PREVIEWS = YES;
				GENERATE_INFOPLIST_FILE = YES;
				INFOPLIST_FILE = "MC1-SpontanUhuy/Info.plist";
				INFOPLIST_KEY_CFBundleDisplayName = TemanRuang;
				INFOPLIST_KEY_LSApplicationCategoryType = "public.app-category.productivity";
				INFOPLIST_KEY_NSCameraUsageDescription = "This app used camera";
				INFOPLIST_KEY_UIApplicationSceneManifest_Generation = YES;
				INFOPLIST_KEY_UIApplicationSupportsIndirectInputEvents = YES;
				INFOPLIST_KEY_UILaunchScreen_Generation = YES;
				INFOPLIST_KEY_UISupportedInterfaceOrientations = UIInterfaceOrientationPortrait;
				INFOPLIST_KEY_UISupportedInterfaceOrientations_iPad = "UIInterfaceOrientationLandscapeLeft UIInterfaceOrientationLandscapeRight UIInterfaceOrientationPortrait UIInterfaceOrientationPortraitUpsideDown";
				IPHONEOS_DEPLOYMENT_TARGET = 16.0;
				LD_RUNPATH_SEARCH_PATHS = (
					"$(inherited)",
					"@executable_path/Frameworks",
				);
				MARKETING_VERSION = 1.0;
				PRODUCT_BUNDLE_IDENTIFIER = "id.spontan-uhuy.TemanRuang";
				PRODUCT_NAME = "$(TARGET_NAME)";
				SUPPORTED_PLATFORMS = "iphoneos iphonesimulator";
				SUPPORTS_MACCATALYST = NO;
				SUPPORTS_MAC_DESIGNED_FOR_IPHONE_IPAD = NO;
				SWIFT_EMIT_LOC_STRINGS = YES;
				SWIFT_VERSION = 5.0;
				TARGETED_DEVICE_FAMILY = "1,2";
			};
			name = Debug;
		};
		43694FC129EC64F4007F1C20 /* Release */ = {
			isa = XCBuildConfiguration;
			buildSettings = {
				ASSETCATALOG_COMPILER_APPICON_NAME = AppIcon;
				ASSETCATALOG_COMPILER_GLOBAL_ACCENT_COLOR_NAME = AccentColor;
				CODE_SIGN_ENTITLEMENTS = "MC1-SpontanUhuy/MC1-SpontanUhuy.entitlements";
				CODE_SIGN_STYLE = Automatic;
				CURRENT_PROJECT_VERSION = 1;
				DEVELOPMENT_ASSET_PATHS = "\"MC1-SpontanUhuy/Preview Content\"";
				DEVELOPMENT_TEAM = 47BZXPDJKC;
				ENABLE_PREVIEWS = YES;
				GENERATE_INFOPLIST_FILE = YES;
				INFOPLIST_FILE = "MC1-SpontanUhuy/Info.plist";
				INFOPLIST_KEY_CFBundleDisplayName = TemanRuang;
				INFOPLIST_KEY_LSApplicationCategoryType = "public.app-category.productivity";
				INFOPLIST_KEY_NSCameraUsageDescription = "This app used camera";
				INFOPLIST_KEY_UIApplicationSceneManifest_Generation = YES;
				INFOPLIST_KEY_UIApplicationSupportsIndirectInputEvents = YES;
				INFOPLIST_KEY_UILaunchScreen_Generation = YES;
				INFOPLIST_KEY_UISupportedInterfaceOrientations = UIInterfaceOrientationPortrait;
				INFOPLIST_KEY_UISupportedInterfaceOrientations_iPad = "UIInterfaceOrientationLandscapeLeft UIInterfaceOrientationLandscapeRight UIInterfaceOrientationPortrait UIInterfaceOrientationPortraitUpsideDown";
				IPHONEOS_DEPLOYMENT_TARGET = 16.0;
				LD_RUNPATH_SEARCH_PATHS = (
					"$(inherited)",
					"@executable_path/Frameworks",
				);
				MARKETING_VERSION = 1.0;
				PRODUCT_BUNDLE_IDENTIFIER = "id.spontan-uhuy.TemanRuang";
				PRODUCT_NAME = "$(TARGET_NAME)";
				SUPPORTED_PLATFORMS = "iphoneos iphonesimulator";
				SUPPORTS_MACCATALYST = NO;
				SUPPORTS_MAC_DESIGNED_FOR_IPHONE_IPAD = NO;
				SWIFT_EMIT_LOC_STRINGS = YES;
				SWIFT_VERSION = 5.0;
				TARGETED_DEVICE_FAMILY = "1,2";
			};
			name = Release;
		};
/* End XCBuildConfiguration section */

/* Begin XCConfigurationList section */
		43694FAC29EC64F3007F1C20 /* Build configuration list for PBXProject "MC1-SpontanUhuy" */ = {
			isa = XCConfigurationList;
			buildConfigurations = (
				43694FBD29EC64F4007F1C20 /* Debug */,
				43694FBE29EC64F4007F1C20 /* Release */,
			);
			defaultConfigurationIsVisible = 0;
			defaultConfigurationName = Release;
		};
		43694FBF29EC64F4007F1C20 /* Build configuration list for PBXNativeTarget "MC1-SpontanUhuy" */ = {
			isa = XCConfigurationList;
			buildConfigurations = (
				43694FC029EC64F4007F1C20 /* Debug */,
				43694FC129EC64F4007F1C20 /* Release */,
			);
			defaultConfigurationIsVisible = 0;
			defaultConfigurationName = Release;
		};
/* End XCConfigurationList section */

/* Begin XCRemoteSwiftPackageReference section */
		D616023B2A0010E600C3DFB9 /* XCRemoteSwiftPackageReference "FocusEntity" */ = {
			isa = XCRemoteSwiftPackageReference;
			repositoryURL = "https://github.com/maxxfrazer/FocusEntity";
			requirement = {
				kind = upToNextMajorVersion;
				minimumVersion = 2.0.0;
			};
		};
/* End XCRemoteSwiftPackageReference section */

/* Begin XCSwiftPackageProductDependency section */
		D616023C2A0010E600C3DFB9 /* FocusEntity */ = {
			isa = XCSwiftPackageProductDependency;
			package = D616023B2A0010E600C3DFB9 /* XCRemoteSwiftPackageReference "FocusEntity" */;
			productName = FocusEntity;
		};
/* End XCSwiftPackageProductDependency section */
	};
	rootObject = 43694FA929EC64F3007F1C20 /* Project object */;
}
